
Microsoft Visual Studio Solution File, Format Version 12.00
# Visual Studio Version 17
VisualStudioVersion = 17.0.32014.148
MinimumVisualStudioVersion = 10.0.40219.1
Project("{9A19103F-16F7-4668-BE54-9A1E7A4F7556}") = "WebApp", "WebApp\WebApp.csproj", "{DE717C1C-58E2-43DC-B0CB-B169C9A1F76A}"
EndProject
Project("{FAE04EC0-301F-11D3-BF4B-00C04F79EFBC}") = "WestWindSystem", "WestWindSystem\WestWindSystem.csproj", "{9DFC9A9C-0447-4E6F-A0B8-8EA1DA1F8ABC}"
EndProject
Global
	GlobalSection(SolutionConfigurationPlatforms) = preSolution
		Debug|Any CPU = Debug|Any CPU
		Release|Any CPU = Release|Any CPU
	EndGlobalSection
	GlobalSection(ProjectConfigurationPlatforms) = postSolution
		{DE717C1C-58E2-43DC-B0CB-B169C9A1F76A}.Debug|Any CPU.ActiveCfg = Debug|Any CPU
		{DE717C1C-58E2-43DC-B0CB-B169C9A1F76A}.Debug|Any CPU.Build.0 = Debug|Any CPU
		{DE717C1C-58E2-43DC-B0CB-B169C9A1F76A}.Release|Any CPU.ActiveCfg = Release|Any CPU
		{DE717C1C-58E2-43DC-B0CB-B169C9A1F76A}.Release|Any CPU.Build.0 = Release|Any CPU
		{9DFC9A9C-0447-4E6F-A0B8-8EA1DA1F8ABC}.Debug|Any CPU.ActiveCfg = Debug|Any CPU
		{9DFC9A9C-0447-4E6F-A0B8-8EA1DA1F8ABC}.Debug|Any CPU.Build.0 = Debug|Any CPU
		{9DFC9A9C-0447-4E6F-A0B8-8EA1DA1F8ABC}.Release|Any CPU.ActiveCfg = Release|Any CPU
		{9DFC9A9C-0447-4E6F-A0B8-8EA1DA1F8ABC}.Release|Any CPU.Build.0 = Release|Any CPU
	EndGlobalSection
	GlobalSection(SolutionProperties) = preSolution
		HideSolutionNode = FALSE
	EndGlobalSection
	GlobalSection(ExtensibilityGlobals) = postSolution
		SolutionGuid = {69EC279E-CF70-4C07-92B6-C37D430D7C46}
	EndGlobalSection
EndGlobal
